
Microsoft Visual Studio Solution File, Format Version 12.00
# Visual Studio Version 17
VisualStudioVersion = 17.14.36518.9
MinimumVisualStudioVersion = 10.0.40219.1
Project("{FAE04EC0-301F-11D3-BF4B-00C04F79EFBC}") = "MojaveLibMK1", "MyFirstProject\MojaveLibMK1.csproj", "{FC46CC38-EFC8-4EDF-9F7B-44D9174AD20F}"
EndProject
Global
	GlobalSection(SolutionConfigurationPlatforms) = preSolution
		Debug|Any CPU = Debug|Any CPU
		Release|Any CPU = Release|Any CPU
	EndGlobalSection
	GlobalSection(ProjectConfigurationPlatforms) = postSolution
		{FC46CC38-EFC8-4EDF-9F7B-44D9174AD20F}.Debug|Any CPU.ActiveCfg = Debug|Any CPU
		{FC46CC38-EFC8-4EDF-9F7B-44D9174AD20F}.Debug|Any CPU.Build.0 = Debug|Any CPU
		{FC46CC38-EFC8-4EDF-9F7B-44D9174AD20F}.Release|Any CPU.ActiveCfg = Release|Any CPU
		{FC46CC38-EFC8-4EDF-9F7B-44D9174AD20F}.Release|Any CPU.Build.0 = Release|Any CPU
	EndGlobalSection
	GlobalSection(SolutionProperties) = preSolution
		HideSolutionNode = FALSE
	EndGlobalSection
	GlobalSection(ExtensibilityGlobals) = postSolution
		SolutionGuid = {888373AC-F07F-4BD0-8C2D-1DF56E1D3F20}
	EndGlobalSection
EndGlobal
